
Microsoft Visual Studio Solution File, Format Version 12.00
# Visual Studio Version 17
VisualStudioVersion = 17.14.36705.20 d17.14
MinimumVisualStudioVersion = 10.0.40219.1
Project("{8BC9CEB8-8B4A-11D0-8D11-00A0C91BC942}") = "StalkerTechWork", "StalkerTechWork.vcxproj", "{458B15FD-5C36-4BC6-B35E-83047AD74B56}"
EndProject
Global
	GlobalSection(SolutionConfigurationPlatforms) = preSolution
		Debug|x64 = Debug|x64
		Debug|x86 = Debug|x86
		Release|x64 = Release|x64
		Release|x86 = Release|x86
	EndGlobalSection
	GlobalSection(ProjectConfigurationPlatforms) = postSolution
		{458B15FD-5C36-4BC6-B35E-83047AD74B56}.Debug|x64.ActiveCfg = Debug|x64
		{458B15FD-5C36-4BC6-B35E-83047AD74B56}.Debug|x64.Build.0 = Debug|x64
		{458B15FD-5C36-4BC6-B35E-83047AD74B56}.Debug|x86.ActiveCfg = Debug|Win32
		{458B15FD-5C36-4BC6-B35E-83047AD74B56}.Debug|x86.Build.0 = Debug|Win32
		{458B15FD-5C36-4BC6-B35E-83047AD74B56}.Release|x64.ActiveCfg = Release|x64
		{458B15FD-5C36-4BC6-B35E-83047AD74B56}.Release|x64.Build.0 = Release|x64
		{458B15FD-5C36-4BC6-B35E-83047AD74B56}.Release|x86.ActiveCfg = Release|Win32
		{458B15FD-5C36-4BC6-B35E-83047AD74B56}.Release|x86.Build.0 = Release|Win32
	EndGlobalSection
	GlobalSection(SolutionProperties) = preSolution
		HideSolutionNode = FALSE
	EndGlobalSection
	GlobalSection(ExtensibilityGlobals) = postSolution
		SolutionGuid = {5CCC6639-A74C-4BAB-BAB7-4B324D459819}
	EndGlobalSection
EndGlobal
